
Microsoft Visual Studio Solution File, Format Version 12.00
# Visual Studio Version 17
VisualStudioVersion = 17.11.35303.130
MinimumVisualStudioVersion = 10.0.40219.1
Project("{9A19103F-16F7-4668-BE54-9A1E7A4F7556}") = "YarpDemo.API.Order", "YarpDemo.API.Order\YarpDemo.API.Order.csproj", "{76871125-05DD-4EFD-95D6-5A0EEEB88720}"
EndProject
Project("{9A19103F-16F7-4668-BE54-9A1E7A4F7556}") = "YarpDemo.API.Payment", "YarpDemo.API.Payment\YarpDemo.API.Payment.csproj", "{7866BAEE-4497-438A-B68E-B49224E33C71}"
EndProject
Project("{FAE04EC0-301F-11D3-BF4B-00C04F79EFBC}") = "YarpDemo.API.ReverseProxy", "YarpDemo.API.ReverseProxy\YarpDemo.API.ReverseProxy.csproj", "{04438343-9214-4749-8934-D615B274E84F}"
EndProject
Global
	GlobalSection(SolutionConfigurationPlatforms) = preSolution
		Debug|Any CPU = Debug|Any CPU
		Release|Any CPU = Release|Any CPU
	EndGlobalSection
	GlobalSection(ProjectConfigurationPlatforms) = postSolution
		{76871125-05DD-4EFD-95D6-5A0EEEB88720}.Debug|Any CPU.ActiveCfg = Debug|Any CPU
		{76871125-05DD-4EFD-95D6-5A0EEEB88720}.Debug|Any CPU.Build.0 = Debug|Any CPU
		{76871125-05DD-4EFD-95D6-5A0EEEB88720}.Release|Any CPU.ActiveCfg = Release|Any CPU
		{76871125-05DD-4EFD-95D6-5A0EEEB88720}.Release|Any CPU.Build.0 = Release|Any CPU
		{7866BAEE-4497-438A-B68E-B49224E33C71}.Debug|Any CPU.ActiveCfg = Debug|Any CPU
		{7866BAEE-4497-438A-B68E-B49224E33C71}.Debug|Any CPU.Build.0 = Debug|Any CPU
		{7866BAEE-4497-438A-B68E-B49224E33C71}.Release|Any CPU.ActiveCfg = Release|Any CPU
		{7866BAEE-4497-438A-B68E-B49224E33C71}.Release|Any CPU.Build.0 = Release|Any CPU
		{04438343-9214-4749-8934-D615B274E84F}.Debug|Any CPU.ActiveCfg = Debug|Any CPU
		{04438343-9214-4749-8934-D615B274E84F}.Debug|Any CPU.Build.0 = Debug|Any CPU
		{04438343-9214-4749-8934-D615B274E84F}.Release|Any CPU.ActiveCfg = Release|Any CPU
		{04438343-9214-4749-8934-D615B274E84F}.Release|Any CPU.Build.0 = Release|Any CPU
	EndGlobalSection
	GlobalSection(SolutionProperties) = preSolution
		HideSolutionNode = FALSE
	EndGlobalSection
	GlobalSection(ExtensibilityGlobals) = postSolution
		SolutionGuid = {8EF5BF22-06AF-4350-9BBC-A619B79A8EE5}
	EndGlobalSection
EndGlobal
